<?xml version="1.0" encoding="utf-8"?>
<Project ToolsVersion="4.0" xmlns="http://schemas.microsoft.com/developer/msbuild/2003">
  <ItemGroup>
    <ClCompile Include="src\ofApp.cpp">
      <Filter>src</Filter>
    </ClCompile>
    <ClCompile Include="src\main.cpp">
      <Filter>src</Filter>
    </ClCompile>
    <ClCompile Include="..\libs\ofxRaccoonImGui\imgui.cpp">
      <Filter>src\ofxRaccoonImGui</Filter>
    </ClCompile>
    <ClCompile Include="..\libs\ofxRaccoonImGui\imgui_demo.cpp">
      <Filter>src\ofxRaccoonImGui</Filter>
    </ClCompile>
    <ClCompile Include="..\libs\ofxRaccoonImGui\imgui_draw.cpp">
      <Filter>src\ofxRaccoonImGui</Filter>
    </ClCompile>
    <ClCompile Include="..\libs\ofxRaccoonImGui\imgui_impl_glfw.cpp">
      <Filter>src\ofxRaccoonImGui</Filter>
    </ClCompile>
    <ClCompile Include="..\libs\ofxRaccoonImGui\imgui_impl_opengl2.cpp">
      <Filter>src\ofxRaccoonImGui</Filter>
    </ClCompile>
    <ClCompile Include="..\libs\ofxRaccoonImGui\imgui_impl_opengl3.cpp">
      <Filter>src\ofxRaccoonImGui</Filter>
    </ClCompile>
    <ClCompile Include="..\libs\ofxRaccoonImGui\imgui_widgets.cpp">
      <Filter>src\ofxRaccoonImGui</Filter>
    </ClCompile>
    <ClCompile Include="..\libs\ofxRaccoonImGui\ofxRaccoonImGui.cpp">
      <Filter>src\ofxRaccoonImGui</Filter>
    </ClCompile>
    <ClCompile Include="..\libs\houdini_alembic\houdini_alembic.cpp">
      <Filter>src\houdini_alembic</Filter>
    </ClCompile>
    <ClCompile Include="..\libs\stb\stb.cpp">
      <Filter>src\stb</Filter>
    </ClCompile>
  </ItemGroup>
  <ItemGroup>
    <Filter Include="src">
      <UniqueIdentifier>{d8376475-7454-4a24-b08a-aac121d3ad6f}</UniqueIdentifier>
    </Filter>
    <Filter Include="src\ofxRaccoonImGui">
      <UniqueIdentifier>{e268761f-21fd-49b0-a1b0-10c5beb7da4d}</UniqueIdentifier>
    </Filter>
    <Filter Include="src\houdini_alembic">
      <UniqueIdentifier>{caedbc2b-782e-4383-a0ac-a40d5334c17c}</UniqueIdentifier>
    </Filter>
    <Filter Include="src\common">
      <UniqueIdentifier>{8b5388b8-c3c8-4508-8930-910da0ed3df3}</UniqueIdentifier>
    </Filter>
    <Filter Include="src\stb">
      <UniqueIdentifier>{1a6ad22b-15d1-44d9-9c17-9c9b1b62644f}</UniqueIdentifier>
    </Filter>
  </ItemGroup>
  <ItemGroup>
    <ClInclude Include="src\ofApp.h">
      <Filter>src</Filter>
    </ClInclude>
    <ClInclude Include="..\libs\ofxRaccoonImGui\imgui.h">
      <Filter>src\ofxRaccoonImGui</Filter>
    </ClInclude>
    <ClInclude Include="..\libs\ofxRaccoonImGui\imgui_impl_glfw.h">
      <Filter>src\ofxRaccoonImGui</Filter>
    </ClInclude>
    <ClInclude Include="..\libs\ofxRaccoonImGui\imgui_impl_opengl2.h">
      <Filter>src\ofxRaccoonImGui</Filter>
    </ClInclude>
    <ClInclude Include="..\libs\ofxRaccoonImGui\imgui_impl_opengl3.h">
      <Filter>src\ofxRaccoonImGui</Filter>
    </ClInclude>
    <ClInclude Include="..\libs\ofxRaccoonImGui\imgui_internal.h">
      <Filter>src\ofxRaccoonImGui</Filter>
    </ClInclude>
    <ClInclude Include="..\libs\ofxRaccoonImGui\imstb_rectpack.h">
      <Filter>src\ofxRaccoonImGui</Filter>
    </ClInclude>
    <ClInclude Include="..\libs\ofxRaccoonImGui\imstb_textedit.h">
      <Filter>src\ofxRaccoonImGui</Filter>
    </ClInclude>
    <ClInclude Include="..\libs\ofxRaccoonImGui\imstb_truetype.h">
      <Filter>src\ofxRaccoonImGui</Filter>
    </ClInclude>
    <ClInclude Include="..\libs\ofxRaccoonImGui\ofxRaccoonImGui.hpp">
      <Filter>src\ofxRaccoonImGui</Filter>
    </ClInclude>
    <ClInclude Include="..\libs\ofxRaccoonImGui\imconfig.h">
      <Filter>src\ofxRaccoonImGui</Filter>
    </ClInclude>
    <ClInclude Include="..\libs\houdini_alembic\houdini_alembic.hpp">
      <Filter>src\houdini_alembic</Filter>
    </ClInclude>
    <ClInclude Include="..\common\material.hpp">
      <Filter>src\common</Filter>
    </ClInclude>
    <ClInclude Include="..\common\online.hpp">
      <Filter>src\common</Filter>
    </ClInclude>
    <ClInclude Include="..\common\orthonormal_basis.hpp">
      <Filter>src\common</Filter>
    </ClInclude>
    <ClInclude Include="..\common\peseudo_random.hpp">
      <Filter>src\common</Filter>
    </ClInclude>
    <ClInclude Include="..\common\randomsampler.hpp">
      <Filter>src\common</Filter>
    </ClInclude>
    <ClInclude Include="..\common\scene.hpp">
      <Filter>src\common</Filter>
    </ClInclude>
    <ClInclude Include="..\common\alembic_preview.hpp">
      <Filter>src\common</Filter>
    </ClInclude>
    <ClInclude Include="..\common\spherical_triangle_sampler.hpp">
      <Filter>src\common</Filter>
    </ClInclude>
    <ClInclude Include="..\common\path_tracing.hpp">
      <Filter>src\common</Filter>
    </ClInclude>
    <ClInclude Include="..\libs\stb\stb_image.h">
      <Filter>src\stb</Filter>
    </ClInclude>
    <ClInclude Include="..\libs\stb\stb_image_write.h">
      <Filter>src\stb</Filter>
    </ClInclude>
  </ItemGroup>
  <ItemGroup>
    <ResourceCompile Include="icon.rc" />
  </ItemGroup>
  <ItemGroup>
    <Text Include="..\libs\ofxRaccoonImGui\LICENSE.txt">
      <Filter>src\ofxRaccoonImGui</Filter>
    </Text>
  </ItemGroup>
</Project>